
Microsoft Visual Studio Solution File, Format Version 12.00
# Visual Studio Version 16
VisualStudioVersion = 16.0.31515.178
MinimumVisualStudioVersion = 10.0.40219.1
Project("{FAE04EC0-301F-11D3-BF4B-00C04F79EFBC}") = "ProjectShoesFactory1", "ProjectShoesFactory1\ProjectShoesFactory1.csproj", "{BDAC8859-8A2F-4C82-969C-AE5E0F3435C5}"
EndProject
Project("{FAE04EC0-301F-11D3-BF4B-00C04F79EFBC}") = "Logic", "Logic\Logic.csproj", "{F15A9D86-B828-4A63-B232-84B8C7DC41A6}"
EndProject
Project("{FAE04EC0-301F-11D3-BF4B-00C04F79EFBC}") = "Models", "Models\Models.csproj", "{ECB1BD4C-30B8-45F9-9B11-A98D41D09EC8}"
EndProject
Project("{FAE04EC0-301F-11D3-BF4B-00C04F79EFBC}") = "DataStracture", "DataStracture\DataStracture.csproj", "{90EF1131-A393-49B7-888C-5083984B1C8E}"
EndProject
Global
	GlobalSection(SolutionConfigurationPlatforms) = preSolution
		Debug|Any CPU = Debug|Any CPU
		Release|Any CPU = Release|Any CPU
	EndGlobalSection
	GlobalSection(ProjectConfigurationPlatforms) = postSolution
		{BDAC8859-8A2F-4C82-969C-AE5E0F3435C5}.Debug|Any CPU.ActiveCfg = Debug|Any CPU
		{BDAC8859-8A2F-4C82-969C-AE5E0F3435C5}.Debug|Any CPU.Build.0 = Debug|Any CPU
		{BDAC8859-8A2F-4C82-969C-AE5E0F3435C5}.Release|Any CPU.ActiveCfg = Release|Any CPU
		{BDAC8859-8A2F-4C82-969C-AE5E0F3435C5}.Release|Any CPU.Build.0 = Release|Any CPU
		{F15A9D86-B828-4A63-B232-84B8C7DC41A6}.Debug|Any CPU.ActiveCfg = Debug|Any CPU
		{F15A9D86-B828-4A63-B232-84B8C7DC41A6}.Debug|Any CPU.Build.0 = Debug|Any CPU
		{F15A9D86-B828-4A63-B232-84B8C7DC41A6}.Release|Any CPU.ActiveCfg = Release|Any CPU
		{F15A9D86-B828-4A63-B232-84B8C7DC41A6}.Release|Any CPU.Build.0 = Release|Any CPU
		{ECB1BD4C-30B8-45F9-9B11-A98D41D09EC8}.Debug|Any CPU.ActiveCfg = Debug|Any CPU
		{ECB1BD4C-30B8-45F9-9B11-A98D41D09EC8}.Debug|Any CPU.Build.0 = Debug|Any CPU
		{ECB1BD4C-30B8-45F9-9B11-A98D41D09EC8}.Release|Any CPU.ActiveCfg = Release|Any CPU
		{ECB1BD4C-30B8-45F9-9B11-A98D41D09EC8}.Release|Any CPU.Build.0 = Release|Any CPU
		{90EF1131-A393-49B7-888C-5083984B1C8E}.Debug|Any CPU.ActiveCfg = Debug|Any CPU
		{90EF1131-A393-49B7-888C-5083984B1C8E}.Debug|Any CPU.Build.0 = Debug|Any CPU
		{90EF1131-A393-49B7-888C-5083984B1C8E}.Release|Any CPU.ActiveCfg = Release|Any CPU
		{90EF1131-A393-49B7-888C-5083984B1C8E}.Release|Any CPU.Build.0 = Release|Any CPU
	EndGlobalSection
	GlobalSection(SolutionProperties) = preSolution
		HideSolutionNode = FALSE
	EndGlobalSection
	GlobalSection(ExtensibilityGlobals) = postSolution
		SolutionGuid = {8DA8AA8D-6C73-4E19-8B6A-BD6606125D50}
	EndGlobalSection
EndGlobal
